
Microsoft Visual Studio Solution File, Format Version 12.00
# Visual Studio Version 16
VisualStudioVersion = 16.0.31112.23
MinimumVisualStudioVersion = 10.0.40219.1
Project("{FAE04EC0-301F-11D3-BF4B-00C04F79EFBC}") = "Actividad Integradora 3 Problema 4", "Actividad Integradora 3 Problema 4.csproj", "{69DF63B7-A2BD-45BC-8AB8-2E45C52512F4}"
EndProject
Global
	GlobalSection(SolutionConfigurationPlatforms) = preSolution
		Debug|Any CPU = Debug|Any CPU
		Release|Any CPU = Release|Any CPU
	EndGlobalSection
	GlobalSection(ProjectConfigurationPlatforms) = postSolution
		{69DF63B7-A2BD-45BC-8AB8-2E45C52512F4}.Debug|Any CPU.ActiveCfg = Debug|Any CPU
		{69DF63B7-A2BD-45BC-8AB8-2E45C52512F4}.Debug|Any CPU.Build.0 = Debug|Any CPU
		{69DF63B7-A2BD-45BC-8AB8-2E45C52512F4}.Release|Any CPU.ActiveCfg = Release|Any CPU
		{69DF63B7-A2BD-45BC-8AB8-2E45C52512F4}.Release|Any CPU.Build.0 = Release|Any CPU
	EndGlobalSection
	GlobalSection(SolutionProperties) = preSolution
		HideSolutionNode = FALSE
	EndGlobalSection
	GlobalSection(ExtensibilityGlobals) = postSolution
		SolutionGuid = {0DCFC75E-54BF-4EE9-8CB2-0D96DAD88746}
	EndGlobalSection
EndGlobal
